
Microsoft Visual Studio Solution File, Format Version 12.00
# Visual Studio 15
VisualStudioVersion = 15.0.27004.2009
MinimumVisualStudioVersion = 10.0.40219.1
Project("{FAE04EC0-301F-11D3-BF4B-00C04F79EFBC}") = "CSharp", "CSharp\CSharp.csproj", "{93EA0C0E-2AD9-4E85-8ADA-A02167ADB31F}"
EndProject
Project("{FAE04EC0-301F-11D3-BF4B-00C04F79EFBC}") = "CSharp.Model", "CSharp.Model\CSharp.Model.csproj", "{B039DCAC-0B52-41F5-8BA7-DD42B5C64D10}"
EndProject
Project("{FAE04EC0-301F-11D3-BF4B-00C04F79EFBC}") = "CodeFlow", "CodeFlow\CodeFlow.csproj", "{CEC1ABE4-7E19-439C-B6DD-B6B5B7272990}"
EndProject
Project("{FAE04EC0-301F-11D3-BF4B-00C04F79EFBC}") = "Enums", "Enums\Enums.csproj", "{609B1203-08DF-4EA2-98F9-017A0EF022DF}"
EndProject
Project("{FAE04EC0-301F-11D3-BF4B-00C04F79EFBC}") = "DataStructures", "DataStructures\DataStructures.csproj", "{9DB0D12C-0CBC-48AC-A927-8596A3D4EB87}"
EndProject
Project("{FAE04EC0-301F-11D3-BF4B-00C04F79EFBC}") = "SmartHome", "SmartHome\SmartHome.csproj", "{ACA5CD97-17B8-4AA9-9E15-D7095D3E497F}"
EndProject
Project("{FAE04EC0-301F-11D3-BF4B-00C04F79EFBC}") = "Interfaces", "Interfaces\Interfaces.csproj", "{A24F77FC-80AF-4BB9-9457-2315EA96EEFE}"
EndProject
Project("{FAE04EC0-301F-11D3-BF4B-00C04F79EFBC}") = "ExceptionsAndLog", "ExceptionsAndLog\ExceptionsAndLog.csproj", "{5F8F95C4-C138-4120-A1DE-6043CF85B1CB}"
EndProject
Project("{2150E333-8FDC-42A3-9474-1A3956D46DE8}") = "BaseArgs", "BaseArgs", "{42D2236C-AEDA-4779-9F1C-7FEF64915F83}"
EndProject
Project("{2150E333-8FDC-42A3-9474-1A3956D46DE8}") = "Logger", "Logger", "{26BDC75D-3CE5-4F92-9DD8-0019C744596D}"
EndProject
Project("{FAE04EC0-301F-11D3-BF4B-00C04F79EFBC}") = "SuperLogger", "SuperLogger\SuperLogger.csproj", "{84F1EC58-8B81-4CA8-BA4E-EE28B0908AD5}"
EndProject
Project("{FAE04EC0-301F-11D3-BF4B-00C04F79EFBC}") = "SuperLoggerTest", "SuperLoggerTest\SuperLoggerTest.csproj", "{9FAC97F4-39D0-4C56-81F2-6631AF015A8E}"
EndProject
Project("{2150E333-8FDC-42A3-9474-1A3956D46DE8}") = "Emulator", "Emulator", "{A31C98D9-CFBA-41B0-AE22-75723ACE308A}"
EndProject
Project("{FAE04EC0-301F-11D3-BF4B-00C04F79EFBC}") = "HeadsetEmulator", "HeadsetEmulator\HeadsetEmulator.csproj", "{5DB4A3ED-781C-4111-AE3D-47C522923CBE}"
EndProject
Project("{FAE04EC0-301F-11D3-BF4B-00C04F79EFBC}") = "EmulatorFunctionalTest", "EmulatorFunctionalTest\EmulatorFunctionalTest.csproj", "{71594911-04B3-4073-86FE-E3637E847365}"
EndProject
Project("{2150E333-8FDC-42A3-9474-1A3956D46DE8}") = "Database", "Database", "{845F21F5-B39A-47D5-AF0F-EC7F3B721480}"
EndProject
Project("{00D1A9C2-B5F0-4AF3-8072-F6C62B433612}") = "Corsi", "Corsi\Corsi.sqlproj", "{CE573218-FD12-49A8-9927-7D4E71FB0797}"
EndProject
Project("{FAE04EC0-301F-11D3-BF4B-00C04F79EFBC}") = "DataAccess", "DataAccess\DataAccess.csproj", "{E393E131-B628-4A8D-9122-6A540F17F2A1}"
EndProject
Project("{2150E333-8FDC-42A3-9474-1A3956D46DE8}") = "WinForms", "WinForms", "{8FA89B18-3F86-47A2-A675-1F686796D049}"
EndProject
Project("{FAE04EC0-301F-11D3-BF4B-00C04F79EFBC}") = "Console-WinForms", "Console-WinForms\Console-WinForms.csproj", "{6A22CDF8-4D3D-4FAF-896F-0BB49D48B46B}"
EndProject
Project("{FAE04EC0-301F-11D3-BF4B-00C04F79EFBC}") = "Agenda", "Agenda\Agenda.csproj", "{11F4732D-77BA-4411-84B9-770FD8065C4F}"
EndProject
Project("{00D1A9C2-B5F0-4AF3-8072-F6C62B433612}") = "AgendaDb", "AgendaDb\AgendaDb.sqlproj", "{8A07C382-9351-4433-B18C-8FFD8100756B}"
EndProject
Project("{2150E333-8FDC-42A3-9474-1A3956D46DE8}") = "Web", "Web", "{D0EB0CA8-162F-4AC8-950C-168626D69AE6}"
EndProject
Project("{9A19103F-16F7-4668-BE54-9A1E7A4F7556}") = "WebStatico", "WebStatico\WebStatico.csproj", "{1FF949B1-3D07-4DF9-A13A-291FE935F3E7}"
EndProject
Project("{9A19103F-16F7-4668-BE54-9A1E7A4F7556}") = "Ripasso", "Ripasso\Ripasso.csproj", "{D26E0F61-8514-4E30-B21E-0BA0C1E0D6FF}"
EndProject
Project("{9A19103F-16F7-4668-BE54-9A1E7A4F7556}") = "WebDinamicoManuale", "WebDinamicoManuale\WebDinamicoManuale.csproj", "{95C97C96-5969-42D1-8FEF-98E5B3AAF2B0}"
EndProject
Project("{9A19103F-16F7-4668-BE54-9A1E7A4F7556}") = "WebDinamicoRazor", "WebDinamicoRazor\WebDinamicoRazor.csproj", "{53EF770F-5040-4D45-9284-22A7CD49533E}"
EndProject
Project("{FAE04EC0-301F-11D3-BF4B-00C04F79EFBC}") = "ExtensionMethods", "ExtensionMethods\ExtensionMethods.csproj", "{4723615E-3D59-4E48-BC78-BEAC608329EC}"
EndProject
Project("{FAE04EC0-301F-11D3-BF4B-00C04F79EFBC}") = "LinqPlays", "LinqPlays\LinqPlays.csproj", "{840EF3CB-3C09-45AB-B8D0-A95BDB055A9E}"
EndProject
Global
	GlobalSection(SolutionConfigurationPlatforms) = preSolution
		Debug|Any CPU = Debug|Any CPU
		Release|Any CPU = Release|Any CPU
	EndGlobalSection
	GlobalSection(ProjectConfigurationPlatforms) = postSolution
		{93EA0C0E-2AD9-4E85-8ADA-A02167ADB31F}.Debug|Any CPU.ActiveCfg = Debug|Any CPU
		{93EA0C0E-2AD9-4E85-8ADA-A02167ADB31F}.Debug|Any CPU.Build.0 = Debug|Any CPU
		{93EA0C0E-2AD9-4E85-8ADA-A02167ADB31F}.Release|Any CPU.ActiveCfg = Release|Any CPU
		{93EA0C0E-2AD9-4E85-8ADA-A02167ADB31F}.Release|Any CPU.Build.0 = Release|Any CPU
		{B039DCAC-0B52-41F5-8BA7-DD42B5C64D10}.Debug|Any CPU.ActiveCfg = Debug|Any CPU
		{B039DCAC-0B52-41F5-8BA7-DD42B5C64D10}.Debug|Any CPU.Build.0 = Debug|Any CPU
		{B039DCAC-0B52-41F5-8BA7-DD42B5C64D10}.Release|Any CPU.ActiveCfg = Release|Any CPU
		{B039DCAC-0B52-41F5-8BA7-DD42B5C64D10}.Release|Any CPU.Build.0 = Release|Any CPU
		{CEC1ABE4-7E19-439C-B6DD-B6B5B7272990}.Debug|Any CPU.ActiveCfg = Debug|Any CPU
		{CEC1ABE4-7E19-439C-B6DD-B6B5B7272990}.Debug|Any CPU.Build.0 = Debug|Any CPU
		{CEC1ABE4-7E19-439C-B6DD-B6B5B7272990}.Release|Any CPU.ActiveCfg = Release|Any CPU
		{CEC1ABE4-7E19-439C-B6DD-B6B5B7272990}.Release|Any CPU.Build.0 = Release|Any CPU
		{609B1203-08DF-4EA2-98F9-017A0EF022DF}.Debug|Any CPU.ActiveCfg = Debug|Any CPU
		{609B1203-08DF-4EA2-98F9-017A0EF022DF}.Debug|Any CPU.Build.0 = Debug|Any CPU
		{609B1203-08DF-4EA2-98F9-017A0EF022DF}.Release|Any CPU.ActiveCfg = Release|Any CPU
		{609B1203-08DF-4EA2-98F9-017A0EF022DF}.Release|Any CPU.Build.0 = Release|Any CPU
		{9DB0D12C-0CBC-48AC-A927-8596A3D4EB87}.Debug|Any CPU.ActiveCfg = Debug|Any CPU
		{9DB0D12C-0CBC-48AC-A927-8596A3D4EB87}.Debug|Any CPU.Build.0 = Debug|Any CPU
		{9DB0D12C-0CBC-48AC-A927-8596A3D4EB87}.Release|Any CPU.ActiveCfg = Release|Any CPU
		{9DB0D12C-0CBC-48AC-A927-8596A3D4EB87}.Release|Any CPU.Build.0 = Release|Any CPU
		{ACA5CD97-17B8-4AA9-9E15-D7095D3E497F}.Debug|Any CPU.ActiveCfg = Debug|Any CPU
		{ACA5CD97-17B8-4AA9-9E15-D7095D3E497F}.Debug|Any CPU.Build.0 = Debug|Any CPU
		{ACA5CD97-17B8-4AA9-9E15-D7095D3E497F}.Release|Any CPU.ActiveCfg = Release|Any CPU
		{ACA5CD97-17B8-4AA9-9E15-D7095D3E497F}.Release|Any CPU.Build.0 = Release|Any CPU
		{A24F77FC-80AF-4BB9-9457-2315EA96EEFE}.Debug|Any CPU.ActiveCfg = Debug|Any CPU
		{A24F77FC-80AF-4BB9-9457-2315EA96EEFE}.Debug|Any CPU.Build.0 = Debug|Any CPU
		{A24F77FC-80AF-4BB9-9457-2315EA96EEFE}.Release|Any CPU.ActiveCfg = Release|Any CPU
		{A24F77FC-80AF-4BB9-9457-2315EA96EEFE}.Release|Any CPU.Build.0 = Release|Any CPU
		{5F8F95C4-C138-4120-A1DE-6043CF85B1CB}.Debug|Any CPU.ActiveCfg = Debug|Any CPU
		{5F8F95C4-C138-4120-A1DE-6043CF85B1CB}.Debug|Any CPU.Build.0 = Debug|Any CPU
		{5F8F95C4-C138-4120-A1DE-6043CF85B1CB}.Release|Any CPU.ActiveCfg = Release|Any CPU
		{5F8F95C4-C138-4120-A1DE-6043CF85B1CB}.Release|Any CPU.Build.0 = Release|Any CPU
		{84F1EC58-8B81-4CA8-BA4E-EE28B0908AD5}.Debug|Any CPU.ActiveCfg = Debug|Any CPU
		{84F1EC58-8B81-4CA8-BA4E-EE28B0908AD5}.Debug|Any CPU.Build.0 = Debug|Any CPU
		{84F1EC58-8B81-4CA8-BA4E-EE28B0908AD5}.Release|Any CPU.ActiveCfg = Release|Any CPU
		{84F1EC58-8B81-4CA8-BA4E-EE28B0908AD5}.Release|Any CPU.Build.0 = Release|Any CPU
		{9FAC97F4-39D0-4C56-81F2-6631AF015A8E}.Debug|Any CPU.ActiveCfg = Debug|Any CPU
		{9FAC97F4-39D0-4C56-81F2-6631AF015A8E}.Debug|Any CPU.Build.0 = Debug|Any CPU
		{9FAC97F4-39D0-4C56-81F2-6631AF015A8E}.Release|Any CPU.ActiveCfg = Release|Any CPU
		{9FAC97F4-39D0-4C56-81F2-6631AF015A8E}.Release|Any CPU.Build.0 = Release|Any CPU
		{5DB4A3ED-781C-4111-AE3D-47C522923CBE}.Debug|Any CPU.ActiveCfg = Debug|Any CPU
		{5DB4A3ED-781C-4111-AE3D-47C522923CBE}.Debug|Any CPU.Build.0 = Debug|Any CPU
		{5DB4A3ED-781C-4111-AE3D-47C522923CBE}.Release|Any CPU.ActiveCfg = Release|Any CPU
		{5DB4A3ED-781C-4111-AE3D-47C522923CBE}.Release|Any CPU.Build.0 = Release|Any CPU
		{71594911-04B3-4073-86FE-E3637E847365}.Debug|Any CPU.ActiveCfg = Debug|Any CPU
		{71594911-04B3-4073-86FE-E3637E847365}.Debug|Any CPU.Build.0 = Debug|Any CPU
		{71594911-04B3-4073-86FE-E3637E847365}.Release|Any CPU.ActiveCfg = Release|Any CPU
		{71594911-04B3-4073-86FE-E3637E847365}.Release|Any CPU.Build.0 = Release|Any CPU
		{CE573218-FD12-49A8-9927-7D4E71FB0797}.Debug|Any CPU.ActiveCfg = Debug|Any CPU
		{CE573218-FD12-49A8-9927-7D4E71FB0797}.Debug|Any CPU.Build.0 = Debug|Any CPU
		{CE573218-FD12-49A8-9927-7D4E71FB0797}.Debug|Any CPU.Deploy.0 = Debug|Any CPU
		{CE573218-FD12-49A8-9927-7D4E71FB0797}.Release|Any CPU.ActiveCfg = Release|Any CPU
		{CE573218-FD12-49A8-9927-7D4E71FB0797}.Release|Any CPU.Build.0 = Release|Any CPU
		{CE573218-FD12-49A8-9927-7D4E71FB0797}.Release|Any CPU.Deploy.0 = Release|Any CPU
		{E393E131-B628-4A8D-9122-6A540F17F2A1}.Debug|Any CPU.ActiveCfg = Debug|Any CPU
		{E393E131-B628-4A8D-9122-6A540F17F2A1}.Debug|Any CPU.Build.0 = Debug|Any CPU
		{E393E131-B628-4A8D-9122-6A540F17F2A1}.Release|Any CPU.ActiveCfg = Release|Any CPU
		{E393E131-B628-4A8D-9122-6A540F17F2A1}.Release|Any CPU.Build.0 = Release|Any CPU
		{6A22CDF8-4D3D-4FAF-896F-0BB49D48B46B}.Debug|Any CPU.ActiveCfg = Debug|Any CPU
		{6A22CDF8-4D3D-4FAF-896F-0BB49D48B46B}.Debug|Any CPU.Build.0 = Debug|Any CPU
		{6A22CDF8-4D3D-4FAF-896F-0BB49D48B46B}.Release|Any CPU.ActiveCfg = Release|Any CPU
		{6A22CDF8-4D3D-4FAF-896F-0BB49D48B46B}.Release|Any CPU.Build.0 = Release|Any CPU
		{11F4732D-77BA-4411-84B9-770FD8065C4F}.Debug|Any CPU.ActiveCfg = Debug|Any CPU
		{11F4732D-77BA-4411-84B9-770FD8065C4F}.Debug|Any CPU.Build.0 = Debug|Any CPU
		{11F4732D-77BA-4411-84B9-770FD8065C4F}.Release|Any CPU.ActiveCfg = Release|Any CPU
		{11F4732D-77BA-4411-84B9-770FD8065C4F}.Release|Any CPU.Build.0 = Release|Any CPU
		{8A07C382-9351-4433-B18C-8FFD8100756B}.Debug|Any CPU.ActiveCfg = Debug|Any CPU
		{8A07C382-9351-4433-B18C-8FFD8100756B}.Debug|Any CPU.Build.0 = Debug|Any CPU
		{8A07C382-9351-4433-B18C-8FFD8100756B}.Debug|Any CPU.Deploy.0 = Debug|Any CPU
		{8A07C382-9351-4433-B18C-8FFD8100756B}.Release|Any CPU.ActiveCfg = Release|Any CPU
		{8A07C382-9351-4433-B18C-8FFD8100756B}.Release|Any CPU.Build.0 = Release|Any CPU
		{8A07C382-9351-4433-B18C-8FFD8100756B}.Release|Any CPU.Deploy.0 = Release|Any CPU
		{1FF949B1-3D07-4DF9-A13A-291FE935F3E7}.Debug|Any CPU.ActiveCfg = Debug|Any CPU
		{1FF949B1-3D07-4DF9-A13A-291FE935F3E7}.Debug|Any CPU.Build.0 = Debug|Any CPU
		{1FF949B1-3D07-4DF9-A13A-291FE935F3E7}.Release|Any CPU.ActiveCfg = Release|Any CPU
		{1FF949B1-3D07-4DF9-A13A-291FE935F3E7}.Release|Any CPU.Build.0 = Release|Any CPU
		{D26E0F61-8514-4E30-B21E-0BA0C1E0D6FF}.Debug|Any CPU.ActiveCfg = Debug|Any CPU
		{D26E0F61-8514-4E30-B21E-0BA0C1E0D6FF}.Debug|Any CPU.Build.0 = Debug|Any CPU
		{D26E0F61-8514-4E30-B21E-0BA0C1E0D6FF}.Release|Any CPU.ActiveCfg = Release|Any CPU
		{D26E0F61-8514-4E30-B21E-0BA0C1E0D6FF}.Release|Any CPU.Build.0 = Release|Any CPU
		{95C97C96-5969-42D1-8FEF-98E5B3AAF2B0}.Debug|Any CPU.ActiveCfg = Debug|Any CPU
		{95C97C96-5969-42D1-8FEF-98E5B3AAF2B0}.Debug|Any CPU.Build.0 = Debug|Any CPU
		{95C97C96-5969-42D1-8FEF-98E5B3AAF2B0}.Release|Any CPU.ActiveCfg = Release|Any CPU
		{95C97C96-5969-42D1-8FEF-98E5B3AAF2B0}.Release|Any CPU.Build.0 = Release|Any CPU
		{53EF770F-5040-4D45-9284-22A7CD49533E}.Debug|Any CPU.ActiveCfg = Debug|Any CPU
		{53EF770F-5040-4D45-9284-22A7CD49533E}.Debug|Any CPU.Build.0 = Debug|Any CPU
		{53EF770F-5040-4D45-9284-22A7CD49533E}.Release|Any CPU.ActiveCfg = Release|Any CPU
		{53EF770F-5040-4D45-9284-22A7CD49533E}.Release|Any CPU.Build.0 = Release|Any CPU
		{4723615E-3D59-4E48-BC78-BEAC608329EC}.Debug|Any CPU.ActiveCfg = Debug|Any CPU
		{4723615E-3D59-4E48-BC78-BEAC608329EC}.Debug|Any CPU.Build.0 = Debug|Any CPU
		{4723615E-3D59-4E48-BC78-BEAC608329EC}.Release|Any CPU.ActiveCfg = Release|Any CPU
		{4723615E-3D59-4E48-BC78-BEAC608329EC}.Release|Any CPU.Build.0 = Release|Any CPU
		{840EF3CB-3C09-45AB-B8D0-A95BDB055A9E}.Debug|Any CPU.ActiveCfg = Debug|Any CPU
		{840EF3CB-3C09-45AB-B8D0-A95BDB055A9E}.Debug|Any CPU.Build.0 = Debug|Any CPU
		{840EF3CB-3C09-45AB-B8D0-A95BDB055A9E}.Release|Any CPU.ActiveCfg = Release|Any CPU
		{840EF3CB-3C09-45AB-B8D0-A95BDB055A9E}.Release|Any CPU.Build.0 = Release|Any CPU
	EndGlobalSection
	GlobalSection(SolutionProperties) = preSolution
		HideSolutionNode = FALSE
	EndGlobalSection
	GlobalSection(NestedProjects) = preSolution
		{93EA0C0E-2AD9-4E85-8ADA-A02167ADB31F} = {42D2236C-AEDA-4779-9F1C-7FEF64915F83}
		{B039DCAC-0B52-41F5-8BA7-DD42B5C64D10} = {42D2236C-AEDA-4779-9F1C-7FEF64915F83}
		{CEC1ABE4-7E19-439C-B6DD-B6B5B7272990} = {42D2236C-AEDA-4779-9F1C-7FEF64915F83}
		{609B1203-08DF-4EA2-98F9-017A0EF022DF} = {42D2236C-AEDA-4779-9F1C-7FEF64915F83}
		{9DB0D12C-0CBC-48AC-A927-8596A3D4EB87} = {42D2236C-AEDA-4779-9F1C-7FEF64915F83}
		{A24F77FC-80AF-4BB9-9457-2315EA96EEFE} = {42D2236C-AEDA-4779-9F1C-7FEF64915F83}
		{5F8F95C4-C138-4120-A1DE-6043CF85B1CB} = {42D2236C-AEDA-4779-9F1C-7FEF64915F83}
		{84F1EC58-8B81-4CA8-BA4E-EE28B0908AD5} = {26BDC75D-3CE5-4F92-9DD8-0019C744596D}
		{9FAC97F4-39D0-4C56-81F2-6631AF015A8E} = {26BDC75D-3CE5-4F92-9DD8-0019C744596D}
		{5DB4A3ED-781C-4111-AE3D-47C522923CBE} = {A31C98D9-CFBA-41B0-AE22-75723ACE308A}
		{71594911-04B3-4073-86FE-E3637E847365} = {A31C98D9-CFBA-41B0-AE22-75723ACE308A}
		{CE573218-FD12-49A8-9927-7D4E71FB0797} = {845F21F5-B39A-47D5-AF0F-EC7F3B721480}
		{E393E131-B628-4A8D-9122-6A540F17F2A1} = {845F21F5-B39A-47D5-AF0F-EC7F3B721480}
		{6A22CDF8-4D3D-4FAF-896F-0BB49D48B46B} = {8FA89B18-3F86-47A2-A675-1F686796D049}
		{11F4732D-77BA-4411-84B9-770FD8065C4F} = {8FA89B18-3F86-47A2-A675-1F686796D049}
		{8A07C382-9351-4433-B18C-8FFD8100756B} = {8FA89B18-3F86-47A2-A675-1F686796D049}
		{1FF949B1-3D07-4DF9-A13A-291FE935F3E7} = {D0EB0CA8-162F-4AC8-950C-168626D69AE6}
		{D26E0F61-8514-4E30-B21E-0BA0C1E0D6FF} = {42D2236C-AEDA-4779-9F1C-7FEF64915F83}
		{95C97C96-5969-42D1-8FEF-98E5B3AAF2B0} = {D0EB0CA8-162F-4AC8-950C-168626D69AE6}
		{53EF770F-5040-4D45-9284-22A7CD49533E} = {D0EB0CA8-162F-4AC8-950C-168626D69AE6}
		{4723615E-3D59-4E48-BC78-BEAC608329EC} = {42D2236C-AEDA-4779-9F1C-7FEF64915F83}
		{840EF3CB-3C09-45AB-B8D0-A95BDB055A9E} = {42D2236C-AEDA-4779-9F1C-7FEF64915F83}
	EndGlobalSection
	GlobalSection(ExtensibilityGlobals) = postSolution
		SolutionGuid = {30ECAB26-7E69-4CE6-BD13-B0B113B94141}
	EndGlobalSection
EndGlobal
